{
  "requires": true,
  "lockfileVersion": 1,
  "dependencies": {
    "gerador-validador-cpf": {
      "version": "4.0.1",
      "resolved": "https://registry.npmjs.org/gerador-validador-cpf/-/gerador-validador-cpf-4.0.1.tgz",
      "integrity": "sha512-zEkH2+mB2RSwYUBq8GDE/wL+uZD9Y5lS9SNLLNkc8arE7NkABRwTkKqhjLlwYGre1e2MzxdLFcN1hxiKxzjJ8g=="
    }
  }
}
